
Microsoft Visual Studio Solution File, Format Version 12.00
# Visual Studio 15
VisualStudioVersion = 15.0.28307.271
MinimumVisualStudioVersion = 10.0.40219.1
Project("{FAE04EC0-301F-11D3-BF4B-00C04F79EFBC}") = "Football.API", "Football\Football.API.csproj", "{15657A8A-BD13-4687-9DA6-21026CBD4599}"
EndProject
Project("{FAE04EC0-301F-11D3-BF4B-00C04F79EFBC}") = "Football.Core.Test", "Football.Core.Test\Football.Core.Test.csproj", "{32D9F156-5FC6-4801-A77B-49EF17E1E6ED}"
EndProject
Project("{FAE04EC0-301F-11D3-BF4B-00C04F79EFBC}") = "Football.Data", "Football.Data\Football.Data.csproj", "{DDDE03A5-CB80-4FA0-A6E9-A8793A58BEF0}"
EndProject
Project("{FAE04EC0-301F-11D3-BF4B-00C04F79EFBC}") = "Football.Core", "Football.Core\Football.Core.csproj", "{717EB745-3705-4764-BB20-C329E9D6794B}"
EndProject
Global
	GlobalSection(SolutionConfigurationPlatforms) = preSolution
		Debug|Any CPU = Debug|Any CPU
		Release|Any CPU = Release|Any CPU
	EndGlobalSection
	GlobalSection(ProjectConfigurationPlatforms) = postSolution
		{15657A8A-BD13-4687-9DA6-21026CBD4599}.Debug|Any CPU.ActiveCfg = Debug|Any CPU
		{15657A8A-BD13-4687-9DA6-21026CBD4599}.Debug|Any CPU.Build.0 = Debug|Any CPU
		{15657A8A-BD13-4687-9DA6-21026CBD4599}.Release|Any CPU.ActiveCfg = Release|Any CPU
		{15657A8A-BD13-4687-9DA6-21026CBD4599}.Release|Any CPU.Build.0 = Release|Any CPU
		{32D9F156-5FC6-4801-A77B-49EF17E1E6ED}.Debug|Any CPU.ActiveCfg = Debug|Any CPU
		{32D9F156-5FC6-4801-A77B-49EF17E1E6ED}.Debug|Any CPU.Build.0 = Debug|Any CPU
		{32D9F156-5FC6-4801-A77B-49EF17E1E6ED}.Release|Any CPU.ActiveCfg = Release|Any CPU
		{32D9F156-5FC6-4801-A77B-49EF17E1E6ED}.Release|Any CPU.Build.0 = Release|Any CPU
		{DDDE03A5-CB80-4FA0-A6E9-A8793A58BEF0}.Debug|Any CPU.ActiveCfg = Debug|Any CPU
		{DDDE03A5-CB80-4FA0-A6E9-A8793A58BEF0}.Debug|Any CPU.Build.0 = Debug|Any CPU
		{DDDE03A5-CB80-4FA0-A6E9-A8793A58BEF0}.Release|Any CPU.ActiveCfg = Release|Any CPU
		{DDDE03A5-CB80-4FA0-A6E9-A8793A58BEF0}.Release|Any CPU.Build.0 = Release|Any CPU
		{717EB745-3705-4764-BB20-C329E9D6794B}.Debug|Any CPU.ActiveCfg = Debug|Any CPU
		{717EB745-3705-4764-BB20-C329E9D6794B}.Debug|Any CPU.Build.0 = Debug|Any CPU
		{717EB745-3705-4764-BB20-C329E9D6794B}.Release|Any CPU.ActiveCfg = Release|Any CPU
		{717EB745-3705-4764-BB20-C329E9D6794B}.Release|Any CPU.Build.0 = Release|Any CPU
	EndGlobalSection
	GlobalSection(SolutionProperties) = preSolution
		HideSolutionNode = FALSE
	EndGlobalSection
	GlobalSection(ExtensibilityGlobals) = postSolution
		SolutionGuid = {7D8D0831-0630-4CF6-9EEE-FF9AFB506017}
	EndGlobalSection
EndGlobal
